<?xml version="1.0" encoding="utf-8"?>
<Project ToolsVersion="4.0" xmlns="http://schemas.microsoft.com/developer/msbuild/2003">
  <ItemGroup>
    <ClCompile Include="BillingPeriod.cpp">
      <Filter>Source Files</Filter>
    </ClCompile>
    <ClCompile Include="GeneratedFiles\Debug\moc_BillingPeriod.cpp">
      <Filter>Generated Files\Debug</Filter>
    </ClCompile>
    <ClCompile Include="GeneratedFiles\Release\moc_BillingPeriod.cpp">
      <Filter>Generated Files\Release</Filter>
    </ClCompile>
    <ClCompile Include="delegateStates.cpp">
      <Filter>Source Files</Filter>
    </ClCompile>
    <ClCompile Include="salarycountDutyChart.cpp">
      <Filter>Source Files</Filter>
    </ClCompile>
    <ClCompile Include="salarycountlaborsheet.cpp">
      <Filter>Source Files</Filter>
    </ClCompile>
    <ClCompile Include="GeneratedFiles\Release\moc_dbmanager.cpp">
      <Filter>Generated Files</Filter>
    </ClCompile>
    <ClCompile Include="GeneratedFiles\Release\moc_salarycount.cpp">
      <Filter>Generated Files</Filter>
    </ClCompile>
    <ClCompile Include="GeneratedFiles\Debug\moc_dbmanager.cpp">
      <Filter>Generated Files</Filter>
    </ClCompile>
    <ClCompile Include="GeneratedFiles\Debug\moc_dbrecord.cpp">
      <Filter>Generated Files</Filter>
    </ClCompile>
    <ClCompile Include="GeneratedFiles\Release\moc_dbrecord.cpp">
      <Filter>Generated Files</Filter>
    </ClCompile>
    <ClCompile Include="GeneratedFiles\Debug\moc_DirectiveGeneratorTest.cpp">
      <Filter>Generated Files</Filter>
    </ClCompile>
    <ClCompile Include="GeneratedFiles\Release\moc_DirectiveGeneratorTest.cpp">
      <Filter>Generated Files</Filter>
    </ClCompile>
    <ClCompile Include="GeneratedFiles\Release\moc_dutychart.cpp">
      <Filter>Generated Files</Filter>
    </ClCompile>
    <ClCompile Include="GeneratedFiles\Debug\moc_dutychart.cpp">
      <Filter>Generated Files</Filter>
    </ClCompile>
    <ClCompile Include="GeneratedFiles\Debug\moc_employee.cpp">
      <Filter>Generated Files</Filter>
    </ClCompile>
    <ClCompile Include="GeneratedFiles\Release\moc_employee.cpp">
      <Filter>Generated Files</Filter>
    </ClCompile>
    <ClCompile Include="GeneratedFiles\Debug\moc_laborsheet.cpp">
      <Filter>Generated Files</Filter>
    </ClCompile>
    <ClCompile Include="GeneratedFiles\Release\moc_laborsheet.cpp">
      <Filter>Generated Files</Filter>
    </ClCompile>
    <ClCompile Include="GeneratedFiles\Debug\moc_mark.cpp">
      <Filter>Generated Files</Filter>
    </ClCompile>
    <ClCompile Include="GeneratedFiles\Release\moc_mark.cpp">
      <Filter>Generated Files</Filter>
    </ClCompile>
    <ClCompile Include="GeneratedFiles\Debug\moc_salarycount.cpp">
      <Filter>Generated Files</Filter>
    </ClCompile>
    <ClCompile Include="BookKeeper.cpp" />
    <ClCompile Include="dbmanager.cpp" />
    <ClCompile Include="dbrecord.cpp" />
    <ClCompile Include="DirectiveGenerator.cpp" />
    <ClCompile Include="unittest\DirectiveGeneratorTest.cpp" />
    <ClCompile Include="dutychart.cpp" />
    <ClCompile Include="employee.cpp" />
    <ClCompile Include="HireDirective.cpp" />
    <ClCompile Include="laborsheet.cpp" />
    <ClCompile Include="main.cpp" />
    <ClCompile Include="mark.cpp" />
    <ClCompile Include="GeneratedFiles\qrc_salarycount.cpp" />
    <ClCompile Include="salarycount.cpp" />
    <ClCompile Include="GeneratedFiles\Debug\moc_delegateStates.cpp">
      <Filter>Generated Files</Filter>
    </ClCompile>
    <ClCompile Include="GeneratedFiles\Debug\moc_salarycountlaborsheet.cpp">
      <Filter>Generated Files</Filter>
    </ClCompile>
    <ClCompile Include="GeneratedFiles\Release\moc_delegateStates.cpp">
      <Filter>Generated Files</Filter>
    </ClCompile>
    <ClCompile Include="GeneratedFiles\Debug\moc_salarycountDutyChart.cpp">
      <Filter>Generated Files</Filter>
    </ClCompile>
    <ClCompile Include="GeneratedFiles\Release\moc_salarycountDutyChart.cpp">
      <Filter>Generated Files</Filter>
    </ClCompile>
    <ClCompile Include="GeneratedFiles\Release\moc_salarycountlaborsheet.cpp">
      <Filter>Generated Files</Filter>
    </ClCompile>
  </ItemGroup>
  <ItemGroup>
    <ClInclude Include="GeneratedFiles\ui_salarycount.h" />
    <ClInclude Include="BookKeeper.h" />
    <ClInclude Include="DirectiveGenerator.h" />
    <ClInclude Include="HireDirective.h" />
  </ItemGroup>
  <ItemGroup>
    <CustomBuild Include="salarycount.ui" />
    <CustomBuild Include="salarycount.qrc" />
    <CustomBuild Include="BillingPeriod.h">
      <Filter>Header Files</Filter>
    </CustomBuild>
    <CustomBuild Include="salarycountlaborsheet.h">
      <Filter>Header Files</Filter>
    </CustomBuild>
    <CustomBuild Include="salarycountDutyChart.h">
      <Filter>Header Files</Filter>
    </CustomBuild>
    <CustomBuild Include="delegateStates.h">
      <Filter>Header Files</Filter>
    </CustomBuild>
    <CustomBuild Include="dbmanager.h" />
    <CustomBuild Include="dbrecord.h" />
    <CustomBuild Include="unittest\DirectiveGeneratorTest.h" />
    <CustomBuild Include="dutychart.h" />
    <CustomBuild Include="employee.h" />
    <CustomBuild Include="laborsheet.h" />
    <CustomBuild Include="mark.h" />
    <CustomBuild Include="salarycount.h" />
  </ItemGroup>
  <ItemGroup>
    <Filter Include="Header Files">
      <UniqueIdentifier>{93995380-89BD-4b04-88EB-625FBE52EBFB}</UniqueIdentifier>
      <Extensions>h</Extensions>
      <ParseFiles>true</ParseFiles>
    </Filter>
    <Filter Include="Source Files">
      <UniqueIdentifier>{4FC737F1-C7A5-4376-A066-2A32D752A2FF}</UniqueIdentifier>
      <Extensions>cpp;cxx;c;def</Extensions>
      <ParseFiles>true</ParseFiles>
    </Filter>
    <Filter Include="Generated Files">
      <UniqueIdentifier>{71ED8ED8-ACB9-4CE9-BBE1-E00B30144E11}</UniqueIdentifier>
      <Extensions>moc;h;cpp</Extensions>
      <ParseFiles>true</ParseFiles>
    </Filter>
    <Filter Include="Generated Files\Debug">
      <UniqueIdentifier>{c991259f-901e-4c54-9704-5408750fc390}</UniqueIdentifier>
      <Extensions>cpp;moc</Extensions>
      <SourceControlFiles>False</SourceControlFiles>
    </Filter>
    <Filter Include="Generated Files\Release">
      <UniqueIdentifier>{363d145c-e4e0-48e4-9215-b02943e437d1}</UniqueIdentifier>
      <Extensions>cpp;moc</Extensions>
      <SourceControlFiles>False</SourceControlFiles>
    </Filter>
  </ItemGroup>
</Project>